
Microsoft Visual Studio Solution File, Format Version 12.00
# Visual Studio Version 17
VisualStudioVersion = 17.2.32505.173
MinimumVisualStudioVersion = 10.0.40219.1
Project("{9A19103F-16F7-4668-BE54-9A1E7A4F7556}") = "Tech_E_Commerce", "MVC_Reg_project\Tech_E_Commerce.csproj", "{F20BB873-5162-4514-B891-DF6A8253DBC5}"
EndProject
Global
	GlobalSection(SolutionConfigurationPlatforms) = preSolution
		Debug|Any CPU = Debug|Any CPU
		Release|Any CPU = Release|Any CPU
	EndGlobalSection
	GlobalSection(ProjectConfigurationPlatforms) = postSolution
		{F20BB873-5162-4514-B891-DF6A8253DBC5}.Debug|Any CPU.ActiveCfg = Debug|Any CPU
		{F20BB873-5162-4514-B891-DF6A8253DBC5}.Debug|Any CPU.Build.0 = Debug|Any CPU
		{F20BB873-5162-4514-B891-DF6A8253DBC5}.Release|Any CPU.ActiveCfg = Release|Any CPU
		{F20BB873-5162-4514-B891-DF6A8253DBC5}.Release|Any CPU.Build.0 = Release|Any CPU
	EndGlobalSection
	GlobalSection(SolutionProperties) = preSolution
		HideSolutionNode = FALSE
	EndGlobalSection
	GlobalSection(ExtensibilityGlobals) = postSolution
		SolutionGuid = {44F4C583-A47E-45B1-9DFF-9ADE9BF336C4}
	EndGlobalSection
EndGlobal
